github.com/bali-nebula/go-assembly-language/v3 v3.2.0 h1:xnhQG2HnuyO1XDdlbRnde4UDGjdTYy5oZ6DluJSCw5E=
github.com/bali-nebula/go-assembly-language/v3 v3.2.0/go.mod h1:pO6S3YfOp6099/zg5Cy08TyTBb3pTu7hMXfqs4C3fF4=
github.com/bali-nebula/go-digital-notary/v3 v3.9.0 h1:aG19MtH2dcoOS1AQM6UQ/yNbCXErno1pkQBFokB0MFA=
github.com/bali-nebula/go-digital-notary/v3 v3.9.0/go.mod h1:6nIb8B0fVidz4U3CUntXrQZsg2MnSk915VUxZIPsjhI=
github.com/bali-nebula/go-document-notation/v3 v3.5.0 h1:lY7wTEi4Yki1puJAd/EO5HirEgL+rY9pQCEaE9wDBX8=
github.com/bali-nebula/go-document-notation/v3 v3.5.0/go.mod h1:y41SctwWPSH1R3uspHqrK6Zwfd5cnnFUw/dO3bsRuYs=
github.com/bali-nebula/go-document-repository/v3 v3.2.0 h1:5FwC/9bI6ewGXm+Y3MaawAU+vWV2wyscXlEWtrHH/Fc=
github.com/bali-nebula/go-document-repository/v3 v3.2.0/go.mod h1:KA0KurbeLWAcyffZ+zUOCE2+bxIqboMIwt6ZWMhPAmg=
github.com/craterdog/go-component-framework/v7 v7.12.0 h1:qwLj3BoEeD0i+y58Gqos5M9nCcnp3cE7ZttiOQnLS0M=
github.com/craterdog/go-component-framework/v7 v7.12.0/go.mod h1:tVnnJzkWI1+kkUu0LREYPjI8QWTVZutxcaTYzzv4Il8=
github.com/craterdog/go-missing-utilities/v7 v7.13.0 h1:03R+Dm5zdBL/7ilGpXqBMop5QX1D6dQB3EYdpYLCk8Q=
github.com/craterdog/go-missing-utilities/v7 v7.13.0/go.mod h1:uEyTYeiSq4hzoJn9dPPZxGUKVjKU90v0xh0WhTnhRVs=
github.com/davecgh/go-spew v1.1.1 h1:vj9j/u1bqnvCEfJOwUhtlOARqs3+rkHYY13jYWTU97c=
github.com/davecgh/go-spew v1.1.1/go.mod h1:J7Y8YcW2NihsgmVo/mv3lAwl/skON4iLHjSsI+c5H38=
github.com/pmezard/go-difflib v1.0.0 h1:4DBwDE0NGyQoBHbLQYPwSUPoCMWR5BEzIk/f1lZbAQM=
github.com/pmezard/go-difflib v1.0.0/go.mod h1:iKH77koFhYxTK1pcRnkKkqfTogsbg7gZNVY4sRDYZ/4=
github.com/stretchr/testify v1.10.0 h1:Xv5erBjTwe/5IxqUQTdXv5kgmIvbHo3QQyRwhJsOfJA=
github.com/stretchr/testify v1.10.0/go.mod h1:r2ic/lqez/lEtzL7wO/rwa5dbSLXVDPFyf8C91i36aY=
gopkg.in/yaml.v3 v3.0.1 h1:fxVm/GzAzEWqLHuvctI91KS9hhNmmWOoWu0XTYJS7CA=
gopkg.in/yaml.v3 v3.0.1/go.mod h1:K4uyk7z7BCEPqu6E+C64Yfv1cQ7kz7rIZviUmN+EgEM=
