github.com/bali-nebula/go-assembly-language/v3 v3.33.0 h1:u/j2eRWPzmGWUqiEpMKLoAC11pMs5A8X9pAh3PqWIgI=
github.com/bali-nebula/go-assembly-language/v3 v3.33.0/go.mod h1:vxhNrrrdTqU5ZUKfkI5nUvPYGNOl4uFufr/7VdovAcY=
github.com/bali-nebula/go-bali-documents/v3 v3.58.0 h1:fmnFeZC5d8pFk2f3KoZID5Uo66u29iW9qs64kEb61H4=
github.com/bali-nebula/go-bali-documents/v3 v3.58.0/go.mod h1:bYbEA9OCp7N6uyZNQyoV5j+CGIFaKFJ0J9pL/g0Xa6c=
github.com/bali-nebula/go-bali-instructions/v3 v3.1.0 h1:gLo2RDpHyFzRnw8gPFjEQcmzkeUXVEfNBs1cvvkkqmc=
github.com/bali-nebula/go-bali-instructions/v3 v3.1.0/go.mod h1:3zOPxMZ7rYx3/qXMJrNSip/dBX/Ui9WulcVzTPGHjAM=
github.com/bali-nebula/go-document-notation/v3 v3.55.0 h1:vHkSkPbKf6rlLdGQPdVu0j4fwnZvPRBKx7s04lQH35o=
github.com/bali-nebula/go-document-notation/v3 v3.55.0/go.mod h1:qFYSGwpH80H0q0zKJlhT6VNpm8a/226rLeVyzm26oFI=
github.com/craterdog/go-essential-composites/v8 v8.4.0 h1:4LJ5l43hS2EWlzfKGnPwyOupwieG6RDJRjWxevf5Xz8=
github.com/craterdog/go-essential-composites/v8 v8.4.0/go.mod h1:4cAwDcu9lG8tTbsFth8A7HdLOEEYuQ3QdbNtZDTyNZg=
github.com/craterdog/go-essential-primitives/v8 v8.6.0 h1:DXcNhE1ZtTy5ycO2tWUk2+g8828wdsM0D/WEQ3ULby0=
github.com/craterdog/go-essential-primitives/v8 v8.6.0/go.mod h1:TLPBFemVxK9I6/rt2nFbHN2IuFNyQZjfFB91QvncZ38=
github.com/craterdog/go-essential-utilities/v8 v8.3.0 h1:KadMDR9Gkl1QrB37RtSaRl1/EOxhhwHLy7H0iCsfrCU=
github.com/craterdog/go-essential-utilities/v8 v8.3.0/go.mod h1:XP2oMvRbh91FtPEBXV0iDfrq18U1NonPi/+z5s7hzV4=
github.com/davecgh/go-spew v1.1.1 h1:vj9j/u1bqnvCEfJOwUhtlOARqs3+rkHYY13jYWTU97c=
github.com/davecgh/go-spew v1.1.1/go.mod h1:J7Y8YcW2NihsgmVo/mv3lAwl/skON4iLHjSsI+c5H38=
github.com/pmezard/go-difflib v1.0.0 h1:4DBwDE0NGyQoBHbLQYPwSUPoCMWR5BEzIk/f1lZbAQM=
github.com/pmezard/go-difflib v1.0.0/go.mod h1:iKH77koFhYxTK1pcRnkKkqfTogsbg7gZNVY4sRDYZ/4=
github.com/stretchr/testify v1.11.1 h1:7s2iGBzp5EwR7/aIZr8ao5+dra3wiQyKjjFuvgVKu7U=
github.com/stretchr/testify v1.11.1/go.mod h1:wZwfW3scLgRK+23gO65QZefKpKQRnfz6sD981Nm4B6U=
gopkg.in/check.v1 v0.0.0-20161208181325-20d25e280405 h1:yhCVgyC4o1eVCa2tZl7eS0r+SDo693bJlVdllGtEeKM=
gopkg.in/check.v1 v0.0.0-20161208181325-20d25e280405/go.mod h1:Co6ibVJAznAaIkqp8huTwlJQCZ016jof/cbN4VW5Yz0=
gopkg.in/yaml.v3 v3.0.1 h1:fxVm/GzAzEWqLHuvctI91KS9hhNmmWOoWu0XTYJS7CA=
gopkg.in/yaml.v3 v3.0.1/go.mod h1:K4uyk7z7BCEPqu6E+C64Yfv1cQ7kz7rIZviUmN+EgEM=
